{
    "_readme": [
        "This file locks the dependencies of your project to a known state",
        "Read more about it at https://getcomposer.org/doc/01-basic-usage.md#composer-lock-the-lock-file",
        "This file is @generated automatically"
    ],
    "hash": "262a8ec5bf416315318df12bcc881a04",
    "packages": [
        {
            "name": "facebook/xhp-lib",
            "version": "2.2.0",
            "source": {
                "type": "git",
                "url": "https://github.com/facebook/xhp-lib.git",
                "reference": "45e4542d0fcaa3dfe39bf33e81ec4e1ff520b0a6"
            },
            "dist": {
                "type": "zip",
                "url": "https://api.github.com/repos/facebook/xhp-lib/zipball/45e4542d0fcaa3dfe39bf33e81ec4e1ff520b0a6",
                "reference": "45e4542d0fcaa3dfe39bf33e81ec4e1ff520b0a6",
                "shasum": ""
            },
            "require": {
                "hhvm": "*"
            },
            "require-dev": {
                "91carriage/phpunit-hhi": "4.5.*",
                "phpunit/phpunit": "4.5.*"
            },
            "type": "library",
            "extra": {
                "branch-alias": {
                    "dev-master": "2.x-dev"
                }
            },
            "autoload": {
                "classmap": [
                    "src/"
                ]
            },
            "notification-url": "https://packagist.org/downloads/",
            "license": [
                "BSD-3-Clause"
            ],
            "description": "Class library for XHP",
            "homepage": "https://github.com/facebook/xhp-lib",
            "keywords": [
                "facebook",
                "hack",
                "hhvm",
                "xhp"
            ],
            "time": "2015-05-14 21:47:55"
        }
    ],
    "packages-dev": [],
    "aliases": [],
    "minimum-stability": "stable",
    "stability-flags": [],
    "prefer-stable": false,
    "prefer-lowest": false,
    "platform": {
        "hhvm": "~3.6"
    },
    "platform-dev": []
}
