{
    "_readme": [
        "This file locks the dependencies of your project to a known state",
        "Read more about it at https://getcomposer.org/doc/01-basic-usage.md#composer-lock-the-lock-file",
        "This file is @generated automatically"
    ],
    "content-hash": "72ba6d9aa73843cb48d768c71e2d7a19",
    "packages": [
        {
            "name": "facebook/xhp-lib",
            "version": "v2.3.2",
            "source": {
                "type": "git",
                "url": "https://github.com/facebook/xhp-lib.git",
                "reference": "4d2e2640534f50debe04f6a398db064fa6b1bb72"
            },
            "dist": {
                "type": "zip",
                "url": "https://api.github.com/repos/facebook/xhp-lib/zipball/4d2e2640534f50debe04f6a398db064fa6b1bb72",
                "reference": "4d2e2640534f50debe04f6a398db064fa6b1bb72",
                "shasum": ""
            },
            "require": {
                "fredemmott/type-assert": "^0.2.0 || ^1.0",
                "hhvm": "~3.12"
            },
            "require-dev": {
                "91carriage/phpunit-hhi": "^5.1.0",
                "phpunit/phpunit": "^5.1.0"
            },
            "type": "library",
            "extra": {
                "branch-alias": {
                    "dev-master": "2.x-dev"
                }
            },
            "autoload": {
                "classmap": [
                    "src/"
                ]
            },
            "notification-url": "https://packagist.org/downloads/",
            "license": [
                "BSD-3-Clause"
            ],
            "description": "Class library for XHP",
            "homepage": "https://github.com/facebook/xhp-lib",
            "keywords": [
                "facebook",
                "hack",
                "hhvm",
                "xhp"
            ],
            "time": "2016-12-04T21:31:50+00:00"
        },
        {
            "name": "fredemmott/type-assert",
            "version": "v1.1",
            "source": {
                "type": "git",
                "url": "https://github.com/fredemmott/type-assert.git",
                "reference": "38460b438ca85701585abe471d944c678d242847"
            },
            "dist": {
                "type": "zip",
                "url": "https://api.github.com/repos/fredemmott/type-assert/zipball/38460b438ca85701585abe471d944c678d242847",
                "reference": "38460b438ca85701585abe471d944c678d242847",
                "shasum": ""
            },
            "require": {
                "hhvm": "~3.12"
            },
            "require-dev": {
                "91carriage/phpunit-hhi": "~5.1",
                "phpunit/phpunit": "~5.1"
            },
            "type": "library",
            "autoload": {
                "classmap": [
                    "src/"
                ]
            },
            "notification-url": "https://packagist.org/downloads/",
            "license": [
                "ISC"
            ],
            "description": "Convert untyped data to typed data",
            "keywords": [
                "TypeAssert",
                "hack"
            ],
            "time": "2017-02-15T02:26:23+00:00"
        }
    ],
    "packages-dev": [],
    "aliases": [],
    "minimum-stability": "stable",
    "stability-flags": [],
    "prefer-stable": false,
    "prefer-lowest": false,
    "platform": {
        "hhvm": "~3.6"
    },
    "platform-dev": []
}
